
Microsoft Visual Studio Solution File, Format Version 12.00
# Visual Studio Version 17
VisualStudioVersion = 17.6.33829.357
MinimumVisualStudioVersion = 10.0.40219.1
Project("{9A19103F-16F7-4668-BE54-9A1E7A4F7556}") = "CleanArchMvc.Domain", "CleanArchMvc.Domain\CleanArchMvc.Domain.csproj", "{A946B8C4-99C5-4C43-95AA-75292E9F378C}"
EndProject
Project("{9A19103F-16F7-4668-BE54-9A1E7A4F7556}") = "CleanArchMvc.Application", "CleanArchMvc.Application\CleanArchMvc.Application.csproj", "{F9ED2390-A9C5-43CC-A52F-EADB3AB6650D}"
EndProject
Project("{9A19103F-16F7-4668-BE54-9A1E7A4F7556}") = "CleanArchMvc.Infra.Data", "CleanArchMvc.Infra.Data\CleanArchMvc.Infra.Data.csproj", "{91D965D9-50F6-472A-8E1B-E02ABD56006E}"
EndProject
Project("{9A19103F-16F7-4668-BE54-9A1E7A4F7556}") = "CleanArchMvc.Infra.IoC", "CleanArchMvc.Infra.IoC\CleanArchMvc.Infra.IoC.csproj", "{0B88840A-A3B5-4D2A-ADBB-10397E7CB1A2}"
EndProject
Project("{9A19103F-16F7-4668-BE54-9A1E7A4F7556}") = "CleanArchMvc.WebUI", "CleanArchMvc.WebUI\CleanArchMvc.WebUI.csproj", "{1F985614-DCDF-400D-B6FB-DE8896475675}"
EndProject
Project("{9A19103F-16F7-4668-BE54-9A1E7A4F7556}") = "CleanArchMvc.Domain.Tests", "Clean.ArchMvc.Domain.Tests\CleanArchMvc.Domain.Tests.csproj", "{3BBD7DB1-559D-428C-B1E2-CB1D20C52B32}"
EndProject
Project("{FAE04EC0-301F-11D3-BF4B-00C04F79EFBC}") = "CleanArchMvc.API", "CleanArchMvc.API\CleanArchMvc.API.csproj", "{81D6ABA7-0BA4-497A-84F7-3A80FC6C2880}"
EndProject
Global
	GlobalSection(SolutionConfigurationPlatforms) = preSolution
		Debug|Any CPU = Debug|Any CPU
		Release|Any CPU = Release|Any CPU
	EndGlobalSection
	GlobalSection(ProjectConfigurationPlatforms) = postSolution
		{A946B8C4-99C5-4C43-95AA-75292E9F378C}.Debug|Any CPU.ActiveCfg = Debug|Any CPU
		{A946B8C4-99C5-4C43-95AA-75292E9F378C}.Debug|Any CPU.Build.0 = Debug|Any CPU
		{A946B8C4-99C5-4C43-95AA-75292E9F378C}.Release|Any CPU.ActiveCfg = Release|Any CPU
		{A946B8C4-99C5-4C43-95AA-75292E9F378C}.Release|Any CPU.Build.0 = Release|Any CPU
		{F9ED2390-A9C5-43CC-A52F-EADB3AB6650D}.Debug|Any CPU.ActiveCfg = Debug|Any CPU
		{F9ED2390-A9C5-43CC-A52F-EADB3AB6650D}.Debug|Any CPU.Build.0 = Debug|Any CPU
		{F9ED2390-A9C5-43CC-A52F-EADB3AB6650D}.Release|Any CPU.ActiveCfg = Release|Any CPU
		{F9ED2390-A9C5-43CC-A52F-EADB3AB6650D}.Release|Any CPU.Build.0 = Release|Any CPU
		{91D965D9-50F6-472A-8E1B-E02ABD56006E}.Debug|Any CPU.ActiveCfg = Debug|Any CPU
		{91D965D9-50F6-472A-8E1B-E02ABD56006E}.Debug|Any CPU.Build.0 = Debug|Any CPU
		{91D965D9-50F6-472A-8E1B-E02ABD56006E}.Release|Any CPU.ActiveCfg = Release|Any CPU
		{91D965D9-50F6-472A-8E1B-E02ABD56006E}.Release|Any CPU.Build.0 = Release|Any CPU
		{0B88840A-A3B5-4D2A-ADBB-10397E7CB1A2}.Debug|Any CPU.ActiveCfg = Debug|Any CPU
		{0B88840A-A3B5-4D2A-ADBB-10397E7CB1A2}.Debug|Any CPU.Build.0 = Debug|Any CPU
		{0B88840A-A3B5-4D2A-ADBB-10397E7CB1A2}.Release|Any CPU.ActiveCfg = Release|Any CPU
		{0B88840A-A3B5-4D2A-ADBB-10397E7CB1A2}.Release|Any CPU.Build.0 = Release|Any CPU
		{1F985614-DCDF-400D-B6FB-DE8896475675}.Debug|Any CPU.ActiveCfg = Debug|Any CPU
		{1F985614-DCDF-400D-B6FB-DE8896475675}.Debug|Any CPU.Build.0 = Debug|Any CPU
		{1F985614-DCDF-400D-B6FB-DE8896475675}.Release|Any CPU.ActiveCfg = Release|Any CPU
		{1F985614-DCDF-400D-B6FB-DE8896475675}.Release|Any CPU.Build.0 = Release|Any CPU
		{3BBD7DB1-559D-428C-B1E2-CB1D20C52B32}.Debug|Any CPU.ActiveCfg = Debug|Any CPU
		{3BBD7DB1-559D-428C-B1E2-CB1D20C52B32}.Debug|Any CPU.Build.0 = Debug|Any CPU
		{3BBD7DB1-559D-428C-B1E2-CB1D20C52B32}.Release|Any CPU.ActiveCfg = Release|Any CPU
		{3BBD7DB1-559D-428C-B1E2-CB1D20C52B32}.Release|Any CPU.Build.0 = Release|Any CPU
		{81D6ABA7-0BA4-497A-84F7-3A80FC6C2880}.Debug|Any CPU.ActiveCfg = Debug|Any CPU
		{81D6ABA7-0BA4-497A-84F7-3A80FC6C2880}.Debug|Any CPU.Build.0 = Debug|Any CPU
		{81D6ABA7-0BA4-497A-84F7-3A80FC6C2880}.Release|Any CPU.ActiveCfg = Release|Any CPU
		{81D6ABA7-0BA4-497A-84F7-3A80FC6C2880}.Release|Any CPU.Build.0 = Release|Any CPU
	EndGlobalSection
	GlobalSection(SolutionProperties) = preSolution
		HideSolutionNode = FALSE
	EndGlobalSection
	GlobalSection(ExtensibilityGlobals) = postSolution
		SolutionGuid = {B9E26E74-211C-4FE7-9413-998A243B5D51}
	EndGlobalSection
EndGlobal
